
Microsoft Visual Studio Solution File, Format Version 12.00
# Visual Studio Version 17
VisualStudioVersion = 17.9.34607.119
MinimumVisualStudioVersion = 10.0.40219.1
Project("{FAE04EC0-301F-11D3-BF4B-00C04F79EFBC}") = "DapperCRUD", "DapperCRUD\DapperCRUD.csproj", "{D0F3DB5C-A35D-49A3-9C53-F5211BCDF9B9}"
EndProject
Global
	GlobalSection(SolutionConfigurationPlatforms) = preSolution
		Debug|Any CPU = Debug|Any CPU
		Release|Any CPU = Release|Any CPU
	EndGlobalSection
	GlobalSection(ProjectConfigurationPlatforms) = postSolution
		{D0F3DB5C-A35D-49A3-9C53-F5211BCDF9B9}.Debug|Any CPU.ActiveCfg = Debug|Any CPU
		{D0F3DB5C-A35D-49A3-9C53-F5211BCDF9B9}.Debug|Any CPU.Build.0 = Debug|Any CPU
		{D0F3DB5C-A35D-49A3-9C53-F5211BCDF9B9}.Release|Any CPU.ActiveCfg = Release|Any CPU
		{D0F3DB5C-A35D-49A3-9C53-F5211BCDF9B9}.Release|Any CPU.Build.0 = Release|Any CPU
	EndGlobalSection
	GlobalSection(SolutionProperties) = preSolution
		HideSolutionNode = FALSE
	EndGlobalSection
	GlobalSection(ExtensibilityGlobals) = postSolution
		SolutionGuid = {618DC82F-EFAE-44FB-B432-6A87A13B0714}
	EndGlobalSection
EndGlobal
